{
  "name": "unlock-academy",
  "version": "1.0.0",
  "lockfileVersion": 3,
  "requires": true,
  "packages": {
    "": {
      "name": "unlock-academy",
      "version": "1.0.0",
      "dependencies": {
        "@truefoundry/trueforge-sdk": "0.2.0"
      },
      "engines": {
        "node": ">=22"
      }
    },
    "node_modules/@truefoundry/trueforge-sdk": {
      "version": "0.2.0",
      "resolved": "https://registry.npmjs.org/@truefoundry/trueforge-sdk/-/trueforge-sdk-0.2.0.tgz",
      "integrity": "sha512-djxT4xgm7FYleUY3FKCk9xHPm+Jz6DDoYJ/JdeME4AgUahKr9XQQvIDR2WSnwk+osrT/Rx8ZPuXY/0QowA9iWQ==",
      "license": "MIT",
      "engines": {
        "node": ">=22"
      }
    }
  }
}
